
Microsoft Visual Studio Solution File, Format Version 12.00
# Visual Studio Version 17
VisualStudioVersion = 17.0.31903.59
MinimumVisualStudioVersion = 10.0.40219.1
Project("{FAE04EC0-301F-11D3-BF4B-00C04F79EFBC}") = "CelesteDesktop.Contracts", "src\CelesteDesktop.Contracts\CelesteDesktop.Contracts.csproj", "{FA520482-4514-4D18-8EED-D0E6BFC97C3D}"
EndProject
Project("{FAE04EC0-301F-11D3-BF4B-00C04F79EFBC}") = "CelesteDesktop.Install", "src\CelesteDesktop.Install\CelesteDesktop.Install.csproj", "{9716214C-6534-4D2F-A943-E974A15000F8}"
EndProject
Project("{FAE04EC0-301F-11D3-BF4B-00C04F79EFBC}") = "CelesteDesktop.Install.Tests", "tests\CelesteDesktop.Install.Tests\CelesteDesktop.Install.Tests.csproj", "{BB72B4EC-D4CE-4FA3-B324-177430582922}"
EndProject
Project("{FAE04EC0-301F-11D3-BF4B-00C04F79EFBC}") = "CelesteDesktop.AssetWorker.Protocol", "src\CelesteDesktop.AssetWorker.Protocol\CelesteDesktop.AssetWorker.Protocol.csproj", "{A123AFB1-57E4-43F4-8B3A-66FA2D1BA740}"
EndProject
Project("{FAE04EC0-301F-11D3-BF4B-00C04F79EFBC}") = "CelesteDesktop.AssetWorker.Client", "src\CelesteDesktop.AssetWorker.Client\CelesteDesktop.AssetWorker.Client.csproj", "{B2A89132-4C98-4B27-867A-0FF7D0289669}"
EndProject
Project("{FAE04EC0-301F-11D3-BF4B-00C04F79EFBC}") = "CelesteDesktop.AssetWorker.Process", "src\CelesteDesktop.AssetWorker.Process\CelesteDesktop.AssetWorker.Process.csproj", "{C35D46E8-FE9C-4A7C-8D4E-ABFD6A021992}"
EndProject
Project("{FAE04EC0-301F-11D3-BF4B-00C04F79EFBC}") = "CelesteDesktop.AssetWorker.Tests", "tests\CelesteDesktop.AssetWorker.Tests\CelesteDesktop.AssetWorker.Tests.csproj", "{D4AECA5F-A104-42C9-BF92-2D22BD180E86}"
EndProject
Project("{FAE04EC0-301F-11D3-BF4B-00C04F79EFBC}") = "CelesteDesktop.AssetWorker.Meta", "src\CelesteDesktop.AssetWorker.Meta\CelesteDesktop.AssetWorker.Meta.csproj", "{E5BFDB60-B215-43DA-906F-1E33CE291F97}"
EndProject
Project("{FAE04EC0-301F-11D3-BF4B-00C04F79EFBC}") = "CelesteDesktop.AssetWorker.Meta.Tests", "tests\CelesteDesktop.AssetWorker.Meta.Tests\CelesteDesktop.AssetWorker.Meta.Tests.csproj", "{F6C0EC71-C326-44EB-A170-2F44DF3A20A8}"
EndProject
Project("{FAE04EC0-301F-11D3-BF4B-00C04F79EFBC}") = "CelesteDesktop.AssetWorker.Data", "src\CelesteDesktop.AssetWorker.Data\CelesteDesktop.AssetWorker.Data.csproj", "{A8AE12CE-96F0-4DA6-893E-0988FB4629F5}"
EndProject
Project("{FAE04EC0-301F-11D3-BF4B-00C04F79EFBC}") = "CelesteDesktop.AssetWorker.Data.Tests", "tests\CelesteDesktop.AssetWorker.Data.Tests\CelesteDesktop.AssetWorker.Data.Tests.csproj", "{C96C5DF8-3F2D-4CEB-828C-E580A9402C2A}"
EndProject
Project("{FAE04EC0-301F-11D3-BF4B-00C04F79EFBC}") = "CelesteDesktop.ProgressDemo", "samples\CelesteDesktop.ProgressDemo\CelesteDesktop.ProgressDemo.csproj", "{4D740BF1-F8D9-48D9-A9AF-B97DDAF87B93}"
EndProject
Project("{2150E333-8FDC-42A3-9474-1A3956D46DE8}") = "src", "src", "{827E0CD3-B72D-47B6-A68D-7590B98EB39B}"
EndProject
Project("{FAE04EC0-301F-11D3-BF4B-00C04F79EFBC}") = "CelesteDesktop.AssetWorker.SpriteXml", "src\CelesteDesktop.AssetWorker.SpriteXml\CelesteDesktop.AssetWorker.SpriteXml.csproj", "{5EBB4F7E-327B-4F82-8162-0F0E0DBE2109}"
EndProject
Project("{2150E333-8FDC-42A3-9474-1A3956D46DE8}") = "tests", "tests", "{0AB3BF05-4346-4AA6-1389-037BE0695223}"
EndProject
Project("{FAE04EC0-301F-11D3-BF4B-00C04F79EFBC}") = "CelesteDesktop.AssetWorker.SpriteXml.Tests", "tests\CelesteDesktop.AssetWorker.SpriteXml.Tests\CelesteDesktop.AssetWorker.SpriteXml.Tests.csproj", "{06145BD1-EF80-4846-ACEA-7CA05DF83D99}"
EndProject
Project("{FAE04EC0-301F-11D3-BF4B-00C04F79EFBC}") = "CelesteDesktop.AssetWorker.Catalog", "src\CelesteDesktop.AssetWorker.Catalog\CelesteDesktop.AssetWorker.Catalog.csproj", "{CC5D37C0-9702-4B50-ABB6-E30A64777910}"
EndProject
Project("{FAE04EC0-301F-11D3-BF4B-00C04F79EFBC}") = "CelesteDesktop.AssetWorker.Catalog.Tests", "tests\CelesteDesktop.AssetWorker.Catalog.Tests\CelesteDesktop.AssetWorker.Catalog.Tests.csproj", "{66EE4591-E481-4FCC-B39E-1213822E7F5F}"
EndProject
Project("{2150E333-8FDC-42A3-9474-1A3956D46DE8}") = "tools", "tools", "{07C2787E-EAC7-C090-1BA3-A61EC2A24D84}"
EndProject
Project("{FAE04EC0-301F-11D3-BF4B-00C04F79EFBC}") = "CelesteDesktop.RealInstallConformance", "tools\CelesteDesktop.RealInstallConformance\CelesteDesktop.RealInstallConformance.csproj", "{A8639E4E-F12D-4716-A7AB-AC01821B4158}"
EndProject
Project("{FAE04EC0-301F-11D3-BF4B-00C04F79EFBC}") = "CelesteDesktop.RealInstallConformance.Tests", "tests\CelesteDesktop.RealInstallConformance.Tests\CelesteDesktop.RealInstallConformance.Tests.csproj", "{F8B82E52-6E1A-4982-9675-81A4AC0E980F}"
EndProject
Project("{FAE04EC0-301F-11D3-BF4B-00C04F79EFBC}") = "CelesteDesktop.Simulation.Core", "src\CelesteDesktop.Simulation.Core\CelesteDesktop.Simulation.Core.csproj", "{21125685-6A19-473A-BAD8-3F37A2EE6E62}"
EndProject
Project("{FAE04EC0-301F-11D3-BF4B-00C04F79EFBC}") = "CelesteDesktop.Simulation.Core.Tests", "tests\CelesteDesktop.Simulation.Core.Tests\CelesteDesktop.Simulation.Core.Tests.csproj", "{7DD0CBF2-077C-4BE0-8207-258D77A53939}"
EndProject
Project("{FAE04EC0-301F-11D3-BF4B-00C04F79EFBC}") = "CelesteDesktop.Player", "src\CelesteDesktop.Player\CelesteDesktop.Player.csproj", "{00B609EF-201E-4660-A4E9-803E5490FFB3}"
EndProject
Project("{FAE04EC0-301F-11D3-BF4B-00C04F79EFBC}") = "CelesteDesktop.Player.Tests", "tests\CelesteDesktop.Player.Tests\CelesteDesktop.Player.Tests.csproj", "{C78E24F0-CC59-426C-8608-9678701D04DC}"
EndProject
Global
	GlobalSection(SolutionConfigurationPlatforms) = preSolution
		Debug|Any CPU = Debug|Any CPU
		Debug|x64 = Debug|x64
		Debug|x86 = Debug|x86
		Release|Any CPU = Release|Any CPU
		Release|x64 = Release|x64
		Release|x86 = Release|x86
	EndGlobalSection
	GlobalSection(ProjectConfigurationPlatforms) = postSolution
		{FA520482-4514-4D18-8EED-D0E6BFC97C3D}.Debug|Any CPU.ActiveCfg = Debug|Any CPU
		{FA520482-4514-4D18-8EED-D0E6BFC97C3D}.Debug|Any CPU.Build.0 = Debug|Any CPU
		{FA520482-4514-4D18-8EED-D0E6BFC97C3D}.Debug|x64.ActiveCfg = Debug|Any CPU
		{FA520482-4514-4D18-8EED-D0E6BFC97C3D}.Debug|x64.Build.0 = Debug|Any CPU
		{FA520482-4514-4D18-8EED-D0E6BFC97C3D}.Debug|x86.ActiveCfg = Debug|Any CPU
		{FA520482-4514-4D18-8EED-D0E6BFC97C3D}.Debug|x86.Build.0 = Debug|Any CPU
		{FA520482-4514-4D18-8EED-D0E6BFC97C3D}.Release|Any CPU.ActiveCfg = Release|Any CPU
		{FA520482-4514-4D18-8EED-D0E6BFC97C3D}.Release|Any CPU.Build.0 = Release|Any CPU
		{FA520482-4514-4D18-8EED-D0E6BFC97C3D}.Release|x64.ActiveCfg = Release|Any CPU
		{FA520482-4514-4D18-8EED-D0E6BFC97C3D}.Release|x64.Build.0 = Release|Any CPU
		{FA520482-4514-4D18-8EED-D0E6BFC97C3D}.Release|x86.ActiveCfg = Release|Any CPU
		{FA520482-4514-4D18-8EED-D0E6BFC97C3D}.Release|x86.Build.0 = Release|Any CPU
		{9716214C-6534-4D2F-A943-E974A15000F8}.Debug|Any CPU.ActiveCfg = Debug|Any CPU
		{9716214C-6534-4D2F-A943-E974A15000F8}.Debug|Any CPU.Build.0 = Debug|Any CPU
		{9716214C-6534-4D2F-A943-E974A15000F8}.Debug|x64.ActiveCfg = Debug|Any CPU
		{9716214C-6534-4D2F-A943-E974A15000F8}.Debug|x64.Build.0 = Debug|Any CPU
		{9716214C-6534-4D2F-A943-E974A15000F8}.Debug|x86.ActiveCfg = Debug|Any CPU
		{9716214C-6534-4D2F-A943-E974A15000F8}.Debug|x86.Build.0 = Debug|Any CPU
		{9716214C-6534-4D2F-A943-E974A15000F8}.Release|Any CPU.ActiveCfg = Release|Any CPU
		{9716214C-6534-4D2F-A943-E974A15000F8}.Release|Any CPU.Build.0 = Release|Any CPU
		{9716214C-6534-4D2F-A943-E974A15000F8}.Release|x64.ActiveCfg = Release|Any CPU
		{9716214C-6534-4D2F-A943-E974A15000F8}.Release|x64.Build.0 = Release|Any CPU
		{9716214C-6534-4D2F-A943-E974A15000F8}.Release|x86.ActiveCfg = Release|Any CPU
		{9716214C-6534-4D2F-A943-E974A15000F8}.Release|x86.Build.0 = Release|Any CPU
		{BB72B4EC-D4CE-4FA3-B324-177430582922}.Debug|Any CPU.ActiveCfg = Debug|Any CPU
		{BB72B4EC-D4CE-4FA3-B324-177430582922}.Debug|Any CPU.Build.0 = Debug|Any CPU
		{BB72B4EC-D4CE-4FA3-B324-177430582922}.Debug|x64.ActiveCfg = Debug|Any CPU
		{BB72B4EC-D4CE-4FA3-B324-177430582922}.Debug|x64.Build.0 = Debug|Any CPU
		{BB72B4EC-D4CE-4FA3-B324-177430582922}.Debug|x86.ActiveCfg = Debug|Any CPU
		{BB72B4EC-D4CE-4FA3-B324-177430582922}.Debug|x86.Build.0 = Debug|Any CPU
		{BB72B4EC-D4CE-4FA3-B324-177430582922}.Release|Any CPU.ActiveCfg = Release|Any CPU
		{BB72B4EC-D4CE-4FA3-B324-177430582922}.Release|Any CPU.Build.0 = Release|Any CPU
		{BB72B4EC-D4CE-4FA3-B324-177430582922}.Release|x64.ActiveCfg = Release|Any CPU
		{BB72B4EC-D4CE-4FA3-B324-177430582922}.Release|x64.Build.0 = Release|Any CPU
		{BB72B4EC-D4CE-4FA3-B324-177430582922}.Release|x86.ActiveCfg = Release|Any CPU
		{BB72B4EC-D4CE-4FA3-B324-177430582922}.Release|x86.Build.0 = Release|Any CPU
		{A123AFB1-57E4-43F4-8B3A-66FA2D1BA740}.Debug|Any CPU.ActiveCfg = Debug|Any CPU
		{A123AFB1-57E4-43F4-8B3A-66FA2D1BA740}.Debug|Any CPU.Build.0 = Debug|Any CPU
		{A123AFB1-57E4-43F4-8B3A-66FA2D1BA740}.Debug|x64.ActiveCfg = Debug|Any CPU
		{A123AFB1-57E4-43F4-8B3A-66FA2D1BA740}.Debug|x64.Build.0 = Debug|Any CPU
		{A123AFB1-57E4-43F4-8B3A-66FA2D1BA740}.Debug|x86.ActiveCfg = Debug|Any CPU
		{A123AFB1-57E4-43F4-8B3A-66FA2D1BA740}.Debug|x86.Build.0 = Debug|Any CPU
		{A123AFB1-57E4-43F4-8B3A-66FA2D1BA740}.Release|Any CPU.ActiveCfg = Release|Any CPU
		{A123AFB1-57E4-43F4-8B3A-66FA2D1BA740}.Release|Any CPU.Build.0 = Release|Any CPU
		{A123AFB1-57E4-43F4-8B3A-66FA2D1BA740}.Release|x64.ActiveCfg = Release|Any CPU
		{A123AFB1-57E4-43F4-8B3A-66FA2D1BA740}.Release|x64.Build.0 = Release|Any CPU
		{A123AFB1-57E4-43F4-8B3A-66FA2D1BA740}.Release|x86.ActiveCfg = Release|Any CPU
		{A123AFB1-57E4-43F4-8B3A-66FA2D1BA740}.Release|x86.Build.0 = Release|Any CPU
		{B2A89132-4C98-4B27-867A-0FF7D0289669}.Debug|Any CPU.ActiveCfg = Debug|Any CPU
		{B2A89132-4C98-4B27-867A-0FF7D0289669}.Debug|Any CPU.Build.0 = Debug|Any CPU
		{B2A89132-4C98-4B27-867A-0FF7D0289669}.Debug|x64.ActiveCfg = Debug|Any CPU
		{B2A89132-4C98-4B27-867A-0FF7D0289669}.Debug|x64.Build.0 = Debug|Any CPU
		{B2A89132-4C98-4B27-867A-0FF7D0289669}.Debug|x86.ActiveCfg = Debug|Any CPU
		{B2A89132-4C98-4B27-867A-0FF7D0289669}.Debug|x86.Build.0 = Debug|Any CPU
		{B2A89132-4C98-4B27-867A-0FF7D0289669}.Release|Any CPU.ActiveCfg = Release|Any CPU
		{B2A89132-4C98-4B27-867A-0FF7D0289669}.Release|Any CPU.Build.0 = Release|Any CPU
		{B2A89132-4C98-4B27-867A-0FF7D0289669}.Release|x64.ActiveCfg = Release|Any CPU
		{B2A89132-4C98-4B27-867A-0FF7D0289669}.Release|x64.Build.0 = Release|Any CPU
		{B2A89132-4C98-4B27-867A-0FF7D0289669}.Release|x86.ActiveCfg = Release|Any CPU
		{B2A89132-4C98-4B27-867A-0FF7D0289669}.Release|x86.Build.0 = Release|Any CPU
		{C35D46E8-FE9C-4A7C-8D4E-ABFD6A021992}.Debug|Any CPU.ActiveCfg = Debug|Any CPU
		{C35D46E8-FE9C-4A7C-8D4E-ABFD6A021992}.Debug|Any CPU.Build.0 = Debug|Any CPU
		{C35D46E8-FE9C-4A7C-8D4E-ABFD6A021992}.Debug|x64.ActiveCfg = Debug|Any CPU
		{C35D46E8-FE9C-4A7C-8D4E-ABFD6A021992}.Debug|x64.Build.0 = Debug|Any CPU
		{C35D46E8-FE9C-4A7C-8D4E-ABFD6A021992}.Debug|x86.ActiveCfg = Debug|Any CPU
		{C35D46E8-FE9C-4A7C-8D4E-ABFD6A021992}.Debug|x86.Build.0 = Debug|Any CPU
		{C35D46E8-FE9C-4A7C-8D4E-ABFD6A021992}.Release|Any CPU.ActiveCfg = Release|Any CPU
		{C35D46E8-FE9C-4A7C-8D4E-ABFD6A021992}.Release|Any CPU.Build.0 = Release|Any CPU
		{C35D46E8-FE9C-4A7C-8D4E-ABFD6A021992}.Release|x64.ActiveCfg = Release|Any CPU
		{C35D46E8-FE9C-4A7C-8D4E-ABFD6A021992}.Release|x64.Build.0 = Release|Any CPU
		{C35D46E8-FE9C-4A7C-8D4E-ABFD6A021992}.Release|x86.ActiveCfg = Release|Any CPU
		{C35D46E8-FE9C-4A7C-8D4E-ABFD6A021992}.Release|x86.Build.0 = Release|Any CPU
		{D4AECA5F-A104-42C9-BF92-2D22BD180E86}.Debug|Any CPU.ActiveCfg = Debug|Any CPU
		{D4AECA5F-A104-42C9-BF92-2D22BD180E86}.Debug|Any CPU.Build.0 = Debug|Any CPU
		{D4AECA5F-A104-42C9-BF92-2D22BD180E86}.Debug|x64.ActiveCfg = Debug|Any CPU
		{D4AECA5F-A104-42C9-BF92-2D22BD180E86}.Debug|x64.Build.0 = Debug|Any CPU
		{D4AECA5F-A104-42C9-BF92-2D22BD180E86}.Debug|x86.ActiveCfg = Debug|Any CPU
		{D4AECA5F-A104-42C9-BF92-2D22BD180E86}.Debug|x86.Build.0 = Debug|Any CPU
		{D4AECA5F-A104-42C9-BF92-2D22BD180E86}.Release|Any CPU.ActiveCfg = Release|Any CPU
		{D4AECA5F-A104-42C9-BF92-2D22BD180E86}.Release|Any CPU.Build.0 = Release|Any CPU
		{D4AECA5F-A104-42C9-BF92-2D22BD180E86}.Release|x64.ActiveCfg = Release|Any CPU
		{D4AECA5F-A104-42C9-BF92-2D22BD180E86}.Release|x64.Build.0 = Release|Any CPU
		{D4AECA5F-A104-42C9-BF92-2D22BD180E86}.Release|x86.ActiveCfg = Release|Any CPU
		{D4AECA5F-A104-42C9-BF92-2D22BD180E86}.Release|x86.Build.0 = Release|Any CPU
		{E5BFDB60-B215-43DA-906F-1E33CE291F97}.Debug|Any CPU.ActiveCfg = Debug|Any CPU
		{E5BFDB60-B215-43DA-906F-1E33CE291F97}.Debug|Any CPU.Build.0 = Debug|Any CPU
		{E5BFDB60-B215-43DA-906F-1E33CE291F97}.Debug|x64.ActiveCfg = Debug|Any CPU
		{E5BFDB60-B215-43DA-906F-1E33CE291F97}.Debug|x64.Build.0 = Debug|Any CPU
		{E5BFDB60-B215-43DA-906F-1E33CE291F97}.Debug|x86.ActiveCfg = Debug|Any CPU
		{E5BFDB60-B215-43DA-906F-1E33CE291F97}.Debug|x86.Build.0 = Debug|Any CPU
		{E5BFDB60-B215-43DA-906F-1E33CE291F97}.Release|Any CPU.ActiveCfg = Release|Any CPU
		{E5BFDB60-B215-43DA-906F-1E33CE291F97}.Release|Any CPU.Build.0 = Release|Any CPU
		{E5BFDB60-B215-43DA-906F-1E33CE291F97}.Release|x64.ActiveCfg = Release|Any CPU
		{E5BFDB60-B215-43DA-906F-1E33CE291F97}.Release|x64.Build.0 = Release|Any CPU
		{E5BFDB60-B215-43DA-906F-1E33CE291F97}.Release|x86.ActiveCfg = Release|Any CPU
		{E5BFDB60-B215-43DA-906F-1E33CE291F97}.Release|x86.Build.0 = Release|Any CPU
		{F6C0EC71-C326-44EB-A170-2F44DF3A20A8}.Debug|Any CPU.ActiveCfg = Debug|Any CPU
		{F6C0EC71-C326-44EB-A170-2F44DF3A20A8}.Debug|Any CPU.Build.0 = Debug|Any CPU
		{F6C0EC71-C326-44EB-A170-2F44DF3A20A8}.Debug|x64.ActiveCfg = Debug|Any CPU
		{F6C0EC71-C326-44EB-A170-2F44DF3A20A8}.Debug|x64.Build.0 = Debug|Any CPU
		{F6C0EC71-C326-44EB-A170-2F44DF3A20A8}.Debug|x86.ActiveCfg = Debug|Any CPU
		{F6C0EC71-C326-44EB-A170-2F44DF3A20A8}.Debug|x86.Build.0 = Debug|Any CPU
		{F6C0EC71-C326-44EB-A170-2F44DF3A20A8}.Release|Any CPU.ActiveCfg = Release|Any CPU
		{F6C0EC71-C326-44EB-A170-2F44DF3A20A8}.Release|Any CPU.Build.0 = Release|Any CPU
		{F6C0EC71-C326-44EB-A170-2F44DF3A20A8}.Release|x64.ActiveCfg = Release|Any CPU
		{F6C0EC71-C326-44EB-A170-2F44DF3A20A8}.Release|x64.Build.0 = Release|Any CPU
		{F6C0EC71-C326-44EB-A170-2F44DF3A20A8}.Release|x86.ActiveCfg = Release|Any CPU
		{F6C0EC71-C326-44EB-A170-2F44DF3A20A8}.Release|x86.Build.0 = Release|Any CPU
		{A8AE12CE-96F0-4DA6-893E-0988FB4629F5}.Debug|Any CPU.ActiveCfg = Debug|Any CPU
		{A8AE12CE-96F0-4DA6-893E-0988FB4629F5}.Debug|Any CPU.Build.0 = Debug|Any CPU
		{A8AE12CE-96F0-4DA6-893E-0988FB4629F5}.Debug|x64.ActiveCfg = Debug|Any CPU
		{A8AE12CE-96F0-4DA6-893E-0988FB4629F5}.Debug|x64.Build.0 = Debug|Any CPU
		{A8AE12CE-96F0-4DA6-893E-0988FB4629F5}.Debug|x86.ActiveCfg = Debug|Any CPU
		{A8AE12CE-96F0-4DA6-893E-0988FB4629F5}.Debug|x86.Build.0 = Debug|Any CPU
		{A8AE12CE-96F0-4DA6-893E-0988FB4629F5}.Release|Any CPU.ActiveCfg = Release|Any CPU
		{A8AE12CE-96F0-4DA6-893E-0988FB4629F5}.Release|Any CPU.Build.0 = Release|Any CPU
		{A8AE12CE-96F0-4DA6-893E-0988FB4629F5}.Release|x64.ActiveCfg = Release|Any CPU
		{A8AE12CE-96F0-4DA6-893E-0988FB4629F5}.Release|x64.Build.0 = Release|Any CPU
		{A8AE12CE-96F0-4DA6-893E-0988FB4629F5}.Release|x86.ActiveCfg = Release|Any CPU
		{A8AE12CE-96F0-4DA6-893E-0988FB4629F5}.Release|x86.Build.0 = Release|Any CPU
		{C96C5DF8-3F2D-4CEB-828C-E580A9402C2A}.Debug|Any CPU.ActiveCfg = Debug|Any CPU
		{C96C5DF8-3F2D-4CEB-828C-E580A9402C2A}.Debug|Any CPU.Build.0 = Debug|Any CPU
		{C96C5DF8-3F2D-4CEB-828C-E580A9402C2A}.Debug|x64.ActiveCfg = Debug|Any CPU
		{C96C5DF8-3F2D-4CEB-828C-E580A9402C2A}.Debug|x64.Build.0 = Debug|Any CPU
		{C96C5DF8-3F2D-4CEB-828C-E580A9402C2A}.Debug|x86.ActiveCfg = Debug|Any CPU
		{C96C5DF8-3F2D-4CEB-828C-E580A9402C2A}.Debug|x86.Build.0 = Debug|Any CPU
		{C96C5DF8-3F2D-4CEB-828C-E580A9402C2A}.Release|Any CPU.ActiveCfg = Release|Any CPU
		{C96C5DF8-3F2D-4CEB-828C-E580A9402C2A}.Release|Any CPU.Build.0 = Release|Any CPU
		{C96C5DF8-3F2D-4CEB-828C-E580A9402C2A}.Release|x64.ActiveCfg = Release|Any CPU
		{C96C5DF8-3F2D-4CEB-828C-E580A9402C2A}.Release|x64.Build.0 = Release|Any CPU
		{C96C5DF8-3F2D-4CEB-828C-E580A9402C2A}.Release|x86.ActiveCfg = Release|Any CPU
		{C96C5DF8-3F2D-4CEB-828C-E580A9402C2A}.Release|x86.Build.0 = Release|Any CPU
		{4D740BF1-F8D9-48D9-A9AF-B97DDAF87B93}.Debug|Any CPU.ActiveCfg = Debug|Any CPU
		{4D740BF1-F8D9-48D9-A9AF-B97DDAF87B93}.Debug|Any CPU.Build.0 = Debug|Any CPU
		{4D740BF1-F8D9-48D9-A9AF-B97DDAF87B93}.Debug|x64.ActiveCfg = Debug|Any CPU
		{4D740BF1-F8D9-48D9-A9AF-B97DDAF87B93}.Debug|x64.Build.0 = Debug|Any CPU
		{4D740BF1-F8D9-48D9-A9AF-B97DDAF87B93}.Debug|x86.ActiveCfg = Debug|Any CPU
		{4D740BF1-F8D9-48D9-A9AF-B97DDAF87B93}.Debug|x86.Build.0 = Debug|Any CPU
		{4D740BF1-F8D9-48D9-A9AF-B97DDAF87B93}.Release|Any CPU.ActiveCfg = Release|Any CPU
		{4D740BF1-F8D9-48D9-A9AF-B97DDAF87B93}.Release|Any CPU.Build.0 = Release|Any CPU
		{4D740BF1-F8D9-48D9-A9AF-B97DDAF87B93}.Release|x64.ActiveCfg = Release|Any CPU
		{4D740BF1-F8D9-48D9-A9AF-B97DDAF87B93}.Release|x64.Build.0 = Release|Any CPU
		{4D740BF1-F8D9-48D9-A9AF-B97DDAF87B93}.Release|x86.ActiveCfg = Release|Any CPU
		{4D740BF1-F8D9-48D9-A9AF-B97DDAF87B93}.Release|x86.Build.0 = Release|Any CPU
		{5EBB4F7E-327B-4F82-8162-0F0E0DBE2109}.Debug|Any CPU.ActiveCfg = Debug|Any CPU
		{5EBB4F7E-327B-4F82-8162-0F0E0DBE2109}.Debug|Any CPU.Build.0 = Debug|Any CPU
		{5EBB4F7E-327B-4F82-8162-0F0E0DBE2109}.Debug|x64.ActiveCfg = Debug|Any CPU
		{5EBB4F7E-327B-4F82-8162-0F0E0DBE2109}.Debug|x64.Build.0 = Debug|Any CPU
		{5EBB4F7E-327B-4F82-8162-0F0E0DBE2109}.Debug|x86.ActiveCfg = Debug|Any CPU
		{5EBB4F7E-327B-4F82-8162-0F0E0DBE2109}.Debug|x86.Build.0 = Debug|Any CPU
		{5EBB4F7E-327B-4F82-8162-0F0E0DBE2109}.Release|Any CPU.ActiveCfg = Release|Any CPU
		{5EBB4F7E-327B-4F82-8162-0F0E0DBE2109}.Release|Any CPU.Build.0 = Release|Any CPU
		{5EBB4F7E-327B-4F82-8162-0F0E0DBE2109}.Release|x64.ActiveCfg = Release|Any CPU
		{5EBB4F7E-327B-4F82-8162-0F0E0DBE2109}.Release|x64.Build.0 = Release|Any CPU
		{5EBB4F7E-327B-4F82-8162-0F0E0DBE2109}.Release|x86.ActiveCfg = Release|Any CPU
		{5EBB4F7E-327B-4F82-8162-0F0E0DBE2109}.Release|x86.Build.0 = Release|Any CPU
		{06145BD1-EF80-4846-ACEA-7CA05DF83D99}.Debug|Any CPU.ActiveCfg = Debug|Any CPU
		{06145BD1-EF80-4846-ACEA-7CA05DF83D99}.Debug|Any CPU.Build.0 = Debug|Any CPU
		{06145BD1-EF80-4846-ACEA-7CA05DF83D99}.Debug|x64.ActiveCfg = Debug|Any CPU
		{06145BD1-EF80-4846-ACEA-7CA05DF83D99}.Debug|x64.Build.0 = Debug|Any CPU
		{06145BD1-EF80-4846-ACEA-7CA05DF83D99}.Debug|x86.ActiveCfg = Debug|Any CPU
		{06145BD1-EF80-4846-ACEA-7CA05DF83D99}.Debug|x86.Build.0 = Debug|Any CPU
		{06145BD1-EF80-4846-ACEA-7CA05DF83D99}.Release|Any CPU.ActiveCfg = Release|Any CPU
		{06145BD1-EF80-4846-ACEA-7CA05DF83D99}.Release|Any CPU.Build.0 = Release|Any CPU
		{06145BD1-EF80-4846-ACEA-7CA05DF83D99}.Release|x64.ActiveCfg = Release|Any CPU
		{06145BD1-EF80-4846-ACEA-7CA05DF83D99}.Release|x64.Build.0 = Release|Any CPU
		{06145BD1-EF80-4846-ACEA-7CA05DF83D99}.Release|x86.ActiveCfg = Release|Any CPU
		{06145BD1-EF80-4846-ACEA-7CA05DF83D99}.Release|x86.Build.0 = Release|Any CPU
		{CC5D37C0-9702-4B50-ABB6-E30A64777910}.Debug|Any CPU.ActiveCfg = Debug|Any CPU
		{CC5D37C0-9702-4B50-ABB6-E30A64777910}.Debug|Any CPU.Build.0 = Debug|Any CPU
		{CC5D37C0-9702-4B50-ABB6-E30A64777910}.Debug|x64.ActiveCfg = Debug|Any CPU
		{CC5D37C0-9702-4B50-ABB6-E30A64777910}.Debug|x64.Build.0 = Debug|Any CPU
		{CC5D37C0-9702-4B50-ABB6-E30A64777910}.Debug|x86.ActiveCfg = Debug|Any CPU
		{CC5D37C0-9702-4B50-ABB6-E30A64777910}.Debug|x86.Build.0 = Debug|Any CPU
		{CC5D37C0-9702-4B50-ABB6-E30A64777910}.Release|Any CPU.ActiveCfg = Release|Any CPU
		{CC5D37C0-9702-4B50-ABB6-E30A64777910}.Release|Any CPU.Build.0 = Release|Any CPU
		{CC5D37C0-9702-4B50-ABB6-E30A64777910}.Release|x64.ActiveCfg = Release|Any CPU
		{CC5D37C0-9702-4B50-ABB6-E30A64777910}.Release|x64.Build.0 = Release|Any CPU
		{CC5D37C0-9702-4B50-ABB6-E30A64777910}.Release|x86.ActiveCfg = Release|Any CPU
		{CC5D37C0-9702-4B50-ABB6-E30A64777910}.Release|x86.Build.0 = Release|Any CPU
		{66EE4591-E481-4FCC-B39E-1213822E7F5F}.Debug|Any CPU.ActiveCfg = Debug|Any CPU
		{66EE4591-E481-4FCC-B39E-1213822E7F5F}.Debug|Any CPU.Build.0 = Debug|Any CPU
		{66EE4591-E481-4FCC-B39E-1213822E7F5F}.Debug|x64.ActiveCfg = Debug|Any CPU
		{66EE4591-E481-4FCC-B39E-1213822E7F5F}.Debug|x64.Build.0 = Debug|Any CPU
		{66EE4591-E481-4FCC-B39E-1213822E7F5F}.Debug|x86.ActiveCfg = Debug|Any CPU
		{66EE4591-E481-4FCC-B39E-1213822E7F5F}.Debug|x86.Build.0 = Debug|Any CPU
		{66EE4591-E481-4FCC-B39E-1213822E7F5F}.Release|Any CPU.ActiveCfg = Release|Any CPU
		{66EE4591-E481-4FCC-B39E-1213822E7F5F}.Release|Any CPU.Build.0 = Release|Any CPU
		{66EE4591-E481-4FCC-B39E-1213822E7F5F}.Release|x64.ActiveCfg = Release|Any CPU
		{66EE4591-E481-4FCC-B39E-1213822E7F5F}.Release|x64.Build.0 = Release|Any CPU
		{66EE4591-E481-4FCC-B39E-1213822E7F5F}.Release|x86.ActiveCfg = Release|Any CPU
		{66EE4591-E481-4FCC-B39E-1213822E7F5F}.Release|x86.Build.0 = Release|Any CPU
		{A8639E4E-F12D-4716-A7AB-AC01821B4158}.Debug|Any CPU.ActiveCfg = Debug|Any CPU
		{A8639E4E-F12D-4716-A7AB-AC01821B4158}.Debug|Any CPU.Build.0 = Debug|Any CPU
		{A8639E4E-F12D-4716-A7AB-AC01821B4158}.Debug|x64.ActiveCfg = Debug|Any CPU
		{A8639E4E-F12D-4716-A7AB-AC01821B4158}.Debug|x64.Build.0 = Debug|Any CPU
		{A8639E4E-F12D-4716-A7AB-AC01821B4158}.Debug|x86.ActiveCfg = Debug|Any CPU
		{A8639E4E-F12D-4716-A7AB-AC01821B4158}.Debug|x86.Build.0 = Debug|Any CPU
		{A8639E4E-F12D-4716-A7AB-AC01821B4158}.Release|Any CPU.ActiveCfg = Release|Any CPU
		{A8639E4E-F12D-4716-A7AB-AC01821B4158}.Release|Any CPU.Build.0 = Release|Any CPU
		{A8639E4E-F12D-4716-A7AB-AC01821B4158}.Release|x64.ActiveCfg = Release|Any CPU
		{A8639E4E-F12D-4716-A7AB-AC01821B4158}.Release|x64.Build.0 = Release|Any CPU
		{A8639E4E-F12D-4716-A7AB-AC01821B4158}.Release|x86.ActiveCfg = Release|Any CPU
		{A8639E4E-F12D-4716-A7AB-AC01821B4158}.Release|x86.Build.0 = Release|Any CPU
		{F8B82E52-6E1A-4982-9675-81A4AC0E980F}.Debug|Any CPU.ActiveCfg = Debug|Any CPU
		{F8B82E52-6E1A-4982-9675-81A4AC0E980F}.Debug|Any CPU.Build.0 = Debug|Any CPU
		{F8B82E52-6E1A-4982-9675-81A4AC0E980F}.Debug|x64.ActiveCfg = Debug|Any CPU
		{F8B82E52-6E1A-4982-9675-81A4AC0E980F}.Debug|x64.Build.0 = Debug|Any CPU
		{F8B82E52-6E1A-4982-9675-81A4AC0E980F}.Debug|x86.ActiveCfg = Debug|Any CPU
		{F8B82E52-6E1A-4982-9675-81A4AC0E980F}.Debug|x86.Build.0 = Debug|Any CPU
		{F8B82E52-6E1A-4982-9675-81A4AC0E980F}.Release|Any CPU.ActiveCfg = Release|Any CPU
		{F8B82E52-6E1A-4982-9675-81A4AC0E980F}.Release|Any CPU.Build.0 = Release|Any CPU
		{F8B82E52-6E1A-4982-9675-81A4AC0E980F}.Release|x64.ActiveCfg = Release|Any CPU
		{F8B82E52-6E1A-4982-9675-81A4AC0E980F}.Release|x64.Build.0 = Release|Any CPU
		{F8B82E52-6E1A-4982-9675-81A4AC0E980F}.Release|x86.ActiveCfg = Release|Any CPU
		{F8B82E52-6E1A-4982-9675-81A4AC0E980F}.Release|x86.Build.0 = Release|Any CPU
		{21125685-6A19-473A-BAD8-3F37A2EE6E62}.Debug|Any CPU.ActiveCfg = Debug|Any CPU
		{21125685-6A19-473A-BAD8-3F37A2EE6E62}.Debug|Any CPU.Build.0 = Debug|Any CPU
		{21125685-6A19-473A-BAD8-3F37A2EE6E62}.Debug|x64.ActiveCfg = Debug|Any CPU
		{21125685-6A19-473A-BAD8-3F37A2EE6E62}.Debug|x64.Build.0 = Debug|Any CPU
		{21125685-6A19-473A-BAD8-3F37A2EE6E62}.Debug|x86.ActiveCfg = Debug|Any CPU
		{21125685-6A19-473A-BAD8-3F37A2EE6E62}.Debug|x86.Build.0 = Debug|Any CPU
		{21125685-6A19-473A-BAD8-3F37A2EE6E62}.Release|Any CPU.ActiveCfg = Release|Any CPU
		{21125685-6A19-473A-BAD8-3F37A2EE6E62}.Release|Any CPU.Build.0 = Release|Any CPU
		{21125685-6A19-473A-BAD8-3F37A2EE6E62}.Release|x64.ActiveCfg = Release|Any CPU
		{21125685-6A19-473A-BAD8-3F37A2EE6E62}.Release|x64.Build.0 = Release|Any CPU
		{21125685-6A19-473A-BAD8-3F37A2EE6E62}.Release|x86.ActiveCfg = Release|Any CPU
		{21125685-6A19-473A-BAD8-3F37A2EE6E62}.Release|x86.Build.0 = Release|Any CPU
		{7DD0CBF2-077C-4BE0-8207-258D77A53939}.Debug|Any CPU.ActiveCfg = Debug|Any CPU
		{7DD0CBF2-077C-4BE0-8207-258D77A53939}.Debug|Any CPU.Build.0 = Debug|Any CPU
		{7DD0CBF2-077C-4BE0-8207-258D77A53939}.Debug|x64.ActiveCfg = Debug|Any CPU
		{7DD0CBF2-077C-4BE0-8207-258D77A53939}.Debug|x64.Build.0 = Debug|Any CPU
		{7DD0CBF2-077C-4BE0-8207-258D77A53939}.Debug|x86.ActiveCfg = Debug|Any CPU
		{7DD0CBF2-077C-4BE0-8207-258D77A53939}.Debug|x86.Build.0 = Debug|Any CPU
		{7DD0CBF2-077C-4BE0-8207-258D77A53939}.Release|Any CPU.ActiveCfg = Release|Any CPU
		{7DD0CBF2-077C-4BE0-8207-258D77A53939}.Release|Any CPU.Build.0 = Release|Any CPU
		{7DD0CBF2-077C-4BE0-8207-258D77A53939}.Release|x64.ActiveCfg = Release|Any CPU
		{7DD0CBF2-077C-4BE0-8207-258D77A53939}.Release|x64.Build.0 = Release|Any CPU
		{7DD0CBF2-077C-4BE0-8207-258D77A53939}.Release|x86.ActiveCfg = Release|Any CPU
		{7DD0CBF2-077C-4BE0-8207-258D77A53939}.Release|x86.Build.0 = Release|Any CPU
		{00B609EF-201E-4660-A4E9-803E5490FFB3}.Debug|Any CPU.ActiveCfg = Debug|Any CPU
		{00B609EF-201E-4660-A4E9-803E5490FFB3}.Debug|Any CPU.Build.0 = Debug|Any CPU
		{00B609EF-201E-4660-A4E9-803E5490FFB3}.Debug|x64.ActiveCfg = Debug|Any CPU
		{00B609EF-201E-4660-A4E9-803E5490FFB3}.Debug|x64.Build.0 = Debug|Any CPU
		{00B609EF-201E-4660-A4E9-803E5490FFB3}.Debug|x86.ActiveCfg = Debug|Any CPU
		{00B609EF-201E-4660-A4E9-803E5490FFB3}.Debug|x86.Build.0 = Debug|Any CPU
		{00B609EF-201E-4660-A4E9-803E5490FFB3}.Release|Any CPU.ActiveCfg = Release|Any CPU
		{00B609EF-201E-4660-A4E9-803E5490FFB3}.Release|Any CPU.Build.0 = Release|Any CPU
		{00B609EF-201E-4660-A4E9-803E5490FFB3}.Release|x64.ActiveCfg = Release|Any CPU
		{00B609EF-201E-4660-A4E9-803E5490FFB3}.Release|x64.Build.0 = Release|Any CPU
		{00B609EF-201E-4660-A4E9-803E5490FFB3}.Release|x86.ActiveCfg = Release|Any CPU
		{00B609EF-201E-4660-A4E9-803E5490FFB3}.Release|x86.Build.0 = Release|Any CPU
		{C78E24F0-CC59-426C-8608-9678701D04DC}.Debug|Any CPU.ActiveCfg = Debug|Any CPU
		{C78E24F0-CC59-426C-8608-9678701D04DC}.Debug|Any CPU.Build.0 = Debug|Any CPU
		{C78E24F0-CC59-426C-8608-9678701D04DC}.Debug|x64.ActiveCfg = Debug|Any CPU
		{C78E24F0-CC59-426C-8608-9678701D04DC}.Debug|x64.Build.0 = Debug|Any CPU
		{C78E24F0-CC59-426C-8608-9678701D04DC}.Debug|x86.ActiveCfg = Debug|Any CPU
		{C78E24F0-CC59-426C-8608-9678701D04DC}.Debug|x86.Build.0 = Debug|Any CPU
		{C78E24F0-CC59-426C-8608-9678701D04DC}.Release|Any CPU.ActiveCfg = Release|Any CPU
		{C78E24F0-CC59-426C-8608-9678701D04DC}.Release|Any CPU.Build.0 = Release|Any CPU
		{C78E24F0-CC59-426C-8608-9678701D04DC}.Release|x64.ActiveCfg = Release|Any CPU
		{C78E24F0-CC59-426C-8608-9678701D04DC}.Release|x64.Build.0 = Release|Any CPU
		{C78E24F0-CC59-426C-8608-9678701D04DC}.Release|x86.ActiveCfg = Release|Any CPU
		{C78E24F0-CC59-426C-8608-9678701D04DC}.Release|x86.Build.0 = Release|Any CPU
	EndGlobalSection
	GlobalSection(SolutionProperties) = preSolution
		HideSolutionNode = FALSE
	EndGlobalSection
	GlobalSection(NestedProjects) = preSolution
		{5EBB4F7E-327B-4F82-8162-0F0E0DBE2109} = {827E0CD3-B72D-47B6-A68D-7590B98EB39B}
		{06145BD1-EF80-4846-ACEA-7CA05DF83D99} = {0AB3BF05-4346-4AA6-1389-037BE0695223}
		{CC5D37C0-9702-4B50-ABB6-E30A64777910} = {827E0CD3-B72D-47B6-A68D-7590B98EB39B}
		{66EE4591-E481-4FCC-B39E-1213822E7F5F} = {0AB3BF05-4346-4AA6-1389-037BE0695223}
		{A8639E4E-F12D-4716-A7AB-AC01821B4158} = {07C2787E-EAC7-C090-1BA3-A61EC2A24D84}
		{F8B82E52-6E1A-4982-9675-81A4AC0E980F} = {0AB3BF05-4346-4AA6-1389-037BE0695223}
		{21125685-6A19-473A-BAD8-3F37A2EE6E62} = {827E0CD3-B72D-47B6-A68D-7590B98EB39B}
		{7DD0CBF2-077C-4BE0-8207-258D77A53939} = {0AB3BF05-4346-4AA6-1389-037BE0695223}
		{00B609EF-201E-4660-A4E9-803E5490FFB3} = {827E0CD3-B72D-47B6-A68D-7590B98EB39B}
		{C78E24F0-CC59-426C-8608-9678701D04DC} = {0AB3BF05-4346-4AA6-1389-037BE0695223}
	EndGlobalSection
EndGlobal
